
Microsoft Visual Studio Solution File, Format Version 12.00
# Visual Studio Version 17
VisualStudioVersion = 17.6.33723.286
MinimumVisualStudioVersion = 10.0.40219.1
Project("{FAE04EC0-301F-11D3-BF4B-00C04F79EFBC}") = "Practics8", "Practics8.csproj", "{6C7DA737-88B4-4965-B057-2653D63E3488}"
EndProject
Project("{FAE04EC0-301F-11D3-BF4B-00C04F79EFBC}") = "TestLinqProject", "..\TestLinqProject\TestLinqProject.csproj", "{43682F17-FEA8-4E38-8B30-46BE7E620EEA}"
EndProject
Global
	GlobalSection(SolutionConfigurationPlatforms) = preSolution
		Debug|Any CPU = Debug|Any CPU
		Release|Any CPU = Release|Any CPU
	EndGlobalSection
	GlobalSection(ProjectConfigurationPlatforms) = postSolution
		{6C7DA737-88B4-4965-B057-2653D63E3488}.Debug|Any CPU.ActiveCfg = Debug|Any CPU
		{6C7DA737-88B4-4965-B057-2653D63E3488}.Debug|Any CPU.Build.0 = Debug|Any CPU
		{6C7DA737-88B4-4965-B057-2653D63E3488}.Release|Any CPU.ActiveCfg = Release|Any CPU
		{6C7DA737-88B4-4965-B057-2653D63E3488}.Release|Any CPU.Build.0 = Release|Any CPU
		{43682F17-FEA8-4E38-8B30-46BE7E620EEA}.Debug|Any CPU.ActiveCfg = Debug|Any CPU
		{43682F17-FEA8-4E38-8B30-46BE7E620EEA}.Debug|Any CPU.Build.0 = Debug|Any CPU
		{43682F17-FEA8-4E38-8B30-46BE7E620EEA}.Release|Any CPU.ActiveCfg = Release|Any CPU
		{43682F17-FEA8-4E38-8B30-46BE7E620EEA}.Release|Any CPU.Build.0 = Release|Any CPU
	EndGlobalSection
	GlobalSection(SolutionProperties) = preSolution
		HideSolutionNode = FALSE
	EndGlobalSection
	GlobalSection(ExtensibilityGlobals) = postSolution
		SolutionGuid = {B33763F5-5EEF-43F4-9712-731ADDEA7489}
	EndGlobalSection
EndGlobal
